
Microsoft Visual Studio Solution File, Format Version 12.00
# Visual Studio Version 17
VisualStudioVersion = 17.9.34622.214
MinimumVisualStudioVersion = 10.0.40219.1
Project("{FAE04EC0-301F-11D3-BF4B-00C04F79EFBC}") = "Basics_C#", "Basics_C#\Basics_C#.csproj", "{9248983C-1B88-495D-A7B9-BA14D9385D06}"
EndProject
Global
	GlobalSection(SolutionConfigurationPlatforms) = preSolution
		Debug|Any CPU = Debug|Any CPU
		Release|Any CPU = Release|Any CPU
	EndGlobalSection
	GlobalSection(ProjectConfigurationPlatforms) = postSolution
		{9248983C-1B88-495D-A7B9-BA14D9385D06}.Debug|Any CPU.ActiveCfg = Debug|Any CPU
		{9248983C-1B88-495D-A7B9-BA14D9385D06}.Debug|Any CPU.Build.0 = Debug|Any CPU
		{9248983C-1B88-495D-A7B9-BA14D9385D06}.Release|Any CPU.ActiveCfg = Release|Any CPU
		{9248983C-1B88-495D-A7B9-BA14D9385D06}.Release|Any CPU.Build.0 = Release|Any CPU
	EndGlobalSection
	GlobalSection(SolutionProperties) = preSolution
		HideSolutionNode = FALSE
	EndGlobalSection
	GlobalSection(ExtensibilityGlobals) = postSolution
		SolutionGuid = {EA53F342-405D-428F-97D9-4B3AD9EC4A37}
	EndGlobalSection
EndGlobal
